github.com/google/logger v1.1.0 h1:saB74Etb4EAJNH3z74CVbCKk75hld/8T0CsXKetWCwM=
github.com/google/logger v1.1.0/go.mod h1:w7O8nrRr0xufejBlQMI83MXqRusvREoJdaAxV+CoAB4=
github.com/gordonklaus/portaudio v0.0.0-20200911161147-bb74aa485641 h1:B7ADnac3Yy6Vtcp2mstnsjUtarYcjy4AL0R6eNEhZAk=
github.com/gordonklaus/portaudio v0.0.0-20200911161147-bb74aa485641/go.mod h1:HfYnZi/ARQKG0dwH5HNDmPCHdLiFiBf+SI7DbhW7et4=
golang.org/x/sys v0.0.0-20190215142949-d0b11bdaac8a h1:1BGLXjeY4akVXGgbC9HugT3Jv3hCI0z56oJR5vAMgBU=
golang.org/x/sys v0.0.0-20190215142949-d0b11bdaac8a/go.mod h1:STP8DvDyc/dI5b8T5hshtkjS+E42TnysNCUPdjciGhY=
